// !$*UTF8*$!
{
	archiveVersion = 1;
	classes = {
	};
	objectVersion = 77;
	objects = {

/* Begin PBXContainerItemProxy section */
		EBA8FCA82D764D4400E574DC /* PBXContainerItemProxy */ = {
			isa = PBXContainerItemProxy;
			containerPortal = EBA8FC862D764D4300E574DC /* Project object */;
			proxyType = 1;
			remoteGlobalIDString = EBA8FC8D2D764D4300E574DC;
			remoteInfo = "The Rick and Morty App";
		};
		EBA8FCB22D764D4400E574DC /* PBXContainerItemProxy */ = {
			isa = PBXContainerItemProxy;
			containerPortal = EBA8FC862D764D4300E574DC /* Project object */;
			proxyType = 1;
			remoteGlobalIDString = EBA8FC8D2D764D4300E574DC;
			remoteInfo = "The Rick and Morty App";
		};
/* End PBXContainerItemProxy section */

/* Begin PBXFileReference section */
		EBA8FC8E2D764D4300E574DC /* The Rick and Morty App.app */ = {isa = PBXFileReference; explicitFileType = wrapper.application; includeInIndex = 0; path = "The Rick and Morty App.app"; sourceTree = BUILT_PRODUCTS_DIR; };
		EBA8FCA72D764D4400E574DC /* The Rick and Morty AppTests.xctest */ = {isa = PBXFileReference; explicitFileType = wrapper.cfbundle; includeInIndex = 0; path = "The Rick and Morty AppTests.xctest"; sourceTree = BUILT_PRODUCTS_DIR; };
		EBA8FCB12D764D4400E574DC /* The Rick and Morty AppUITests.xctest */ = {isa = PBXFileReference; explicitFileType = wrapper.cfbundle; includeInIndex = 0; path = "The Rick and Morty AppUITests.xctest"; sourceTree = BUILT_PRODUCTS_DIR; };
/* End PBXFileReference section */

/* Begin PBXFileSystemSynchronizedBuildFileExceptionSet section */
		EBA8FCB92D764D4400E574DC /* Exceptions for "The Rick and Morty App" folder in "The Rick and Morty App" target */ = {
			isa = PBXFileSystemSynchronizedBuildFileExceptionSet;
			membershipExceptions = (
				Info.plist,
			);
			target = EBA8FC8D2D764D4300E574DC /* The Rick and Morty App */;
		};
/* End PBXFileSystemSynchronizedBuildFileExceptionSet section */

/* Begin PBXFileSystemSynchronizedRootGroup section */
		EBA8FC902D764D4300E574DC /* The Rick and Morty App */ = {
			isa = PBXFileSystemSynchronizedRootGroup;
			exceptions = (
				EBA8FCB92D764D4400E574DC /* Exceptions for "The Rick and Morty App" folder in "The Rick and Morty App" target */,
			);
			path = "The Rick and Morty App";
			sourceTree = "<group>";
		};
		EBA8FCAA2D764D4400E574DC /* The Rick and Morty AppTests */ = {
			isa = PBXFileSystemSynchronizedRootGroup;
			path = "The Rick and Morty AppTests";
			sourceTree = "<group>";
		};
		EBA8FCB42D764D4400E574DC /* The Rick and Morty AppUITests */ = {
			isa = PBXFileSystemSynchronizedRootGroup;
			path = "The Rick and Morty AppUITests";
			sourceTree = "<group>";
		};
/* End PBXFileSystemSynchronizedRootGroup section */

/* Begin PBXFrameworksBuildPhase section */
		EBA8FC8B2D764D4300E574DC /* Frameworks */ = {
			isa = PBXFrameworksBuildPhase;
			buildActionMask = 2147483647;
			files = (
			);
			runOnlyForDeploymentPostprocessing = 0;
		};
		EBA8FCA42D764D4400E574DC /* Frameworks */ = {
			isa = PBXFrameworksBuildPhase;
			buildActionMask = 2147483647;
			files = (
			);
			runOnlyForDeploymentPostprocessing = 0;
		};
		EBA8FCAE2D764D4400E574DC /* Frameworks */ = {
			isa = PBXFrameworksBuildPhase;
			buildActionMask = 2147483647;
			files = (
			);
			runOnlyForDeploymentPostprocessing = 0;
		};
/* End PBXFrameworksBuildPhase section */

/* Begin PBXGroup section */
		EBA8FC852D764D4300E574DC = {
			isa = PBXGroup;
			children = (
				EBA8FC902D764D4300E574DC /* The Rick and Morty App */,
				EBA8FCAA2D764D4400E574DC /* The Rick and Morty AppTests */,
				EBA8FCB42D764D4400E574DC /* The Rick and Morty AppUITests */,
				EBA8FC8F2D764D4300E574DC /* Products */,
			);
			sourceTree = "<group>";
		};
		EBA8FC8F2D764D4300E574DC /* Products */ = {
			isa = PBXGroup;
			children = (
				EBA8FC8E2D764D4300E574DC /* The Rick and Morty App.app */,
				EBA8FCA72D764D4400E574DC /* The Rick and Morty AppTests.xctest */,
				EBA8FCB12D764D4400E574DC /* The Rick and Morty AppUITests.xctest */,
			);
			name = Products;
			sourceTree = "<group>";
		};
/* End PBXGroup section */

/* Begin PBXNativeTarget section */
		EBA8FC8D2D764D4300E574DC /* The Rick and Morty App */ = {
			isa = PBXNativeTarget;
			buildConfigurationList = EBA8FCBA2D764D4400E574DC /* Build configuration list for PBXNativeTarget "The Rick and Morty App" */;
			buildPhases = (
				EBA8FC8A2D764D4300E574DC /* Sources */,
				EBA8FC8B2D764D4300E574DC /* Frameworks */,
				EBA8FC8C2D764D4300E574DC /* Resources */,
			);
			buildRules = (
			);
			dependencies = (
			);
			fileSystemSynchronizedGroups = (
				EBA8FC902D764D4300E574DC /* The Rick and Morty App */,
			);
			name = "The Rick and Morty App";
			packageProductDependencies = (
			);
			productName = "The Rick and Morty App";
			productReference = EBA8FC8E2D764D4300E574DC /* The Rick and Morty App.app */;
			productType = "com.apple.product-type.application";
		};
		EBA8FCA62D764D4400E574DC /* The Rick and Morty AppTests */ = {
			isa = PBXNativeTarget;
			buildConfigurationList = EBA8FCBF2D764D4400E574DC /* Build configuration list for PBXNativeTarget "The Rick and Morty AppTests" */;
			buildPhases = (
				EBA8FCA32D764D4400E574DC /* Sources */,
				EBA8FCA42D764D4400E574DC /* Frameworks */,
				EBA8FCA52D764D4400E574DC /* Resources */,
			);
			buildRules = (
			);
			dependencies = (
				EBA8FCA92D764D4400E574DC /* PBXTargetDependency */,
			);
			fileSystemSynchronizedGroups = (
				EBA8FCAA2D764D4400E574DC /* The Rick and Morty AppTests */,
			);
			name = "The Rick and Morty AppTests";
			packageProductDependencies = (
			);
			productName = "The Rick and Morty AppTests";
			productReference = EBA8FCA72D764D4400E574DC /* The Rick and Morty AppTests.xctest */;
			productType = "com.apple.product-type.bundle.unit-test";
		};
		EBA8FCB02D764D4400E574DC /* The Rick and Morty AppUITests */ = {
			isa = PBXNativeTarget;
			buildConfigurationList = EBA8FCC22D764D4400E574DC /* Build configuration list for PBXNativeTarget "The Rick and Morty AppUITests" */;
			buildPhases = (
				EBA8FCAD2D764D4400E574DC /* Sources */,
				EBA8FCAE2D764D4400E574DC /* Frameworks */,
				EBA8FCAF2D764D4400E574DC /* Resources */,
			);
			buildRules = (
			);
			dependencies = (
				EBA8FCB32D764D4400E574DC /* PBXTargetDependency */,
			);
			fileSystemSynchronizedGroups = (
				EBA8FCB42D764D4400E574DC /* The Rick and Morty AppUITests */,
			);
			name = "The Rick and Morty AppUITests";
			packageProductDependencies = (
			);
			productName = "The Rick and Morty AppUITests";
			productReference = EBA8FCB12D764D4400E574DC /* The Rick and Morty AppUITests.xctest */;
			productType = "com.apple.product-type.bundle.ui-testing";
		};
/* End PBXNativeTarget section */

/* Begin PBXProject section */
		EBA8FC862D764D4300E574DC /* Project object */ = {
			isa = PBXProject;
			attributes = {
				BuildIndependentTargetsInParallel = 1;
				LastSwiftUpdateCheck = 1620;
				LastUpgradeCheck = 1620;
				TargetAttributes = {
					EBA8FC8D2D764D4300E574DC = {
						CreatedOnToolsVersion = 16.2;
					};
					EBA8FCA62D764D4400E574DC = {
						CreatedOnToolsVersion = 16.2;
						TestTargetID = EBA8FC8D2D764D4300E574DC;
					};
					EBA8FCB02D764D4400E574DC = {
						CreatedOnToolsVersion = 16.2;
						TestTargetID = EBA8FC8D2D764D4300E574DC;
					};
				};
			};
			buildConfigurationList = EBA8FC892D764D4300E574DC /* Build configuration list for PBXProject "The Rick and Morty App" */;
			developmentRegion = en;
			hasScannedForEncodings = 0;
			knownRegions = (
				en,
				Base,
			);
			mainGroup = EBA8FC852D764D4300E574DC;
			minimizedProjectReferenceProxies = 1;
			preferredProjectObjectVersion = 77;
			productRefGroup = EBA8FC8F2D764D4300E574DC /* Products */;
			projectDirPath = "";
			projectRoot = "";
			targets = (
				EBA8FC8D2D764D4300E574DC /* The Rick and Morty App */,
				EBA8FCA62D764D4400E574DC /* The Rick and Morty AppTests */,
				EBA8FCB02D764D4400E574DC /* The Rick and Morty AppUITests */,
			);
		};
/* End PBXProject section */

/* Begin PBXResourcesBuildPhase section */
		EBA8FC8C2D764D4300E574DC /* Resources */ = {
			isa = PBXResourcesBuildPhase;
			buildActionMask = 2147483647;
			files = (
			);
			runOnlyForDeploymentPostprocessing = 0;
		};
		EBA8FCA52D764D4400E574DC /* Resources */ = {
			isa = PBXResourcesBuildPhase;
			buildActionMask = 2147483647;
			files = (
			);
			runOnlyForDeploymentPostprocessing = 0;
		};
		EBA8FCAF2D764D4400E574DC /* Resources */ = {
			isa = PBXResourcesBuildPhase;
			buildActionMask = 2147483647;
			files = (
			);
			runOnlyForDeploymentPostprocessing = 0;
		};
/* End PBXResourcesBuildPhase section */

/* Begin PBXSourcesBuildPhase section */
		EBA8FC8A2D764D4300E574DC /* Sources */ = {
			isa = PBXSourcesBuildPhase;
			buildActionMask = 2147483647;
			files = (
			);
			runOnlyForDeploymentPostprocessing = 0;
		};
		EBA8FCA32D764D4400E574DC /* Sources */ = {
			isa = PBXSourcesBuildPhase;
			buildActionMask = 2147483647;
			files = (
			);
			runOnlyForDeploymentPostprocessing = 0;
		};
		EBA8FCAD2D764D4400E574DC /* Sources */ = {
			isa = PBXSourcesBuildPhase;
			buildActionMask = 2147483647;
			files = (
			);
			runOnlyForDeploymentPostprocessing = 0;
		};
/* End PBXSourcesBuildPhase section */

/* Begin PBXTargetDependency section */
		EBA8FCA92D764D4400E574DC /* PBXTargetDependency */ = {
			isa = PBXTargetDependency;
			target = EBA8FC8D2D764D4300E574DC /* The Rick and Morty App */;
			targetProxy = EBA8FCA82D764D4400E574DC /* PBXContainerItemProxy */;
		};
		EBA8FCB32D764D4400E574DC /* PBXTargetDependency */ = {
			isa = PBXTargetDependency;
			target = EBA8FC8D2D764D4300E574DC /* The Rick and Morty App */;
			targetProxy = EBA8FCB22D764D4400E574DC /* PBXContainerItemProxy */;
		};
/* End PBXTargetDependency section */

/* Begin XCBuildConfiguration section */
		EBA8FCBB2D764D4400E574DC /* Debug */ = {
			isa = XCBuildConfiguration;
			buildSettings = {
				ASSETCATALOG_COMPILER_APPICON_NAME = AppIcon;
				ASSETCATALOG_COMPILER_GLOBAL_ACCENT_COLOR_NAME = AccentColor;
				CODE_SIGN_STYLE = Automatic;
				CURRENT_PROJECT_VERSION = 1;
				GENERATE_INFOPLIST_FILE = YES;
				INFOPLIST_FILE = "The Rick and Morty App/Info.plist";
				INFOPLIST_KEY_UIApplicationSupportsIndirectInputEvents = YES;
				INFOPLIST_KEY_UILaunchStoryboardName = LaunchScreen;
				INFOPLIST_KEY_UISupportedInterfaceOrientations_iPad = "UIInterfaceOrientationPortrait UIInterfaceOrientationPortraitUpsideDown UIInterfaceOrientationLandscapeLeft UIInterfaceOrientationLandscapeRight";
				INFOPLIST_KEY_UISupportedInterfaceOrientations_iPhone = "UIInterfaceOrientationPortrait UIInterfaceOrientationLandscapeLeft UIInterfaceOrientationLandscapeRight";
				LD_RUNPATH_SEARCH_PATHS = (
					"$(inherited)",
					"@executable_path/Frameworks",
				);
				MARKETING_VERSION = 1.0;
				PRODUCT_BUNDLE_IDENTIFIER = "noahmattocks.The-Rick-and-Morty-App";
				PRODUCT_NAME = "$(TARGET_NAME)";
				SWIFT_EMIT_LOC_STRINGS = YES;
				SWIFT_VERSION = 5.0;
				TARGETED_DEVICE_FAMILY = "1,2";
			};
			name = Debug;
		};
		EBA8FCBC2D764D4400E574DC /* Release */ = {
			isa = XCBuildConfiguration;
			buildSettings = {
				ASSETCATALOG_COMPILER_APPICON_NAME = AppIcon;
				ASSETCATALOG_COMPILER_GLOBAL_ACCENT_COLOR_NAME = AccentColor;
				CODE_SIGN_STYLE = Automatic;
				CURRENT_PROJECT_VERSION = 1;
				GENERATE_INFOPLIST_FILE = YES;
				INFOPLIST_FILE = "The Rick and Morty App/Info.plist";
				INFOPLIST_KEY_UIApplicationSupportsIndirectInputEvents = YES;
				INFOPLIST_KEY_UILaunchStoryboardName = LaunchScreen;
				INFOPLIST_KEY_UISupportedInterfaceOrientations_iPad = "UIInterfaceOrientationPortrait UIInterfaceOrientationPortraitUpsideDown UIInterfaceOrientationLandscapeLeft UIInterfaceOrientationLandscapeRight";
				INFOPLIST_KEY_UISupportedInterfaceOrientations_iPhone = "UIInterfaceOrientationPortrait UIInterfaceOrientationLandscapeLeft UIInterfaceOrientationLandscapeRight";
				LD_RUNPATH_SEARCH_PATHS = (
					"$(inherited)",
					"@executable_path/Frameworks",
				);
				MARKETING_VERSION = 1.0;
				PRODUCT_BUNDLE_IDENTIFIER = "noahmattocks.The-Rick-and-Morty-App";
				PRODUCT_NAME = "$(TARGET_NAME)";
				SWIFT_EMIT_LOC_STRINGS = YES;
				SWIFT_VERSION = 5.0;
				TARGETED_DEVICE_FAMILY = "1,2";
			};
			name = Release;
		};
		EBA8FCBD2D764D4400E574DC /* Debug */ = {
			isa = XCBuildConfiguration;
			buildSettings = {
				ALWAYS_SEARCH_USER_PATHS = NO;
				ASSETCATALOG_COMPILER_GENERATE_SWIFT_ASSET_SYMBOL_EXTENSIONS = YES;
				CLANG_ANALYZER_NONNULL = YES;
				CLANG_ANALYZER_NUMBER_OBJECT_CONVERSION = YES_AGGRESSIVE;
				CLANG_CXX_LANGUAGE_STANDARD = "gnu++20";
				CLANG_ENABLE_MODULES = YES;
				CLANG_ENABLE_OBJC_ARC = YES;
				CLANG_ENABLE_OBJC_WEAK = YES;
				CLANG_WARN_BLOCK_CAPTURE_AUTORELEASING = YES;
				CLANG_WARN_BOOL_CONVERSION = YES;
				CLANG_WARN_COMMA = YES;
				CLANG_WARN_CONSTANT_CONVERSION = YES;
				CLANG_WARN_DEPRECATED_OBJC_IMPLEMENTATIONS = YES;
				CLANG_WARN_DIRECT_OBJC_ISA_USAGE = YES_ERROR;
				CLANG_WARN_DOCUMENTATION_COMMENTS = YES;
				CLANG_WARN_EMPTY_BODY = YES;
				CLANG_WARN_ENUM_CONVERSION = YES;
				CLANG_WARN_INFINITE_RECURSION = YES;
				CLANG_WARN_INT_CONVERSION = YES;
				CLANG_WARN_NON_LITERAL_NULL_CONVERSION = YES;
				CLANG_WARN_OBJC_IMPLICIT_RETAIN_SELF = YES;
				CLANG_WARN_OBJC_LITERAL_CONVERSION = YES;
				CLANG_WARN_OBJC_ROOT_CLASS = YES_ERROR;
				CLANG_WARN_QUOTED_INCLUDE_IN_FRAMEWORK_HEADER = YES;
				CLANG_WARN_RANGE_LOOP_ANALYSIS = YES;
				CLANG_WARN_STRICT_PROTOTYPES = YES;
				CLANG_WARN_SUSPICIOUS_MOVE = YES;
				CLANG_WARN_UNGUARDED_AVAILABILITY = YES_AGGRESSIVE;
				CLANG_WARN_UNREACHABLE_CODE = YES;
				CLANG_WARN__DUPLICATE_METHOD_MATCH = YES;
				COPY_PHASE_STRIP = NO;
				DEBUG_INFORMATION_FORMAT = dwarf;
				ENABLE_STRICT_OBJC_MSGSEND = YES;
				ENABLE_TESTABILITY = YES;
				ENABLE_USER_SCRIPT_SANDBOXING = YES;
				GCC_C_LANGUAGE_STANDARD = gnu17;
				GCC_DYNAMIC_NO_PIC = NO;
				GCC_NO_COMMON_BLOCKS = YES;
				GCC_OPTIMIZATION_LEVEL = 0;
				GCC_PREPROCESSOR_DEFINITIONS = (
					"DEBUG=1",
					"$(inherited)",
				);
				GCC_WARN_64_TO_32_BIT_CONVERSION = YES;
				GCC_WARN_ABOUT_RETURN_TYPE = YES_ERROR;
				GCC_WARN_UNDECLARED_SELECTOR = YES;
				GCC_WARN_UNINITIALIZED_AUTOS = YES_AGGRESSIVE;
				GCC_WARN_UNUSED_FUNCTION = YES;
				GCC_WARN_UNUSED_VARIABLE = YES;
				IPHONEOS_DEPLOYMENT_TARGET = 18.2;
				LOCALIZATION_PREFERS_STRING_CATALOGS = YES;
				MTL_ENABLE_DEBUG_INFO = INCLUDE_SOURCE;
				MTL_FAST_MATH = YES;
				ONLY_ACTIVE_ARCH = YES;
				SDKROOT = iphoneos;
				SWIFT_ACTIVE_COMPILATION_CONDITIONS = "DEBUG $(inherited)";
				SWIFT_OPTIMIZATION_LEVEL = "-Onone";
			};
			name = Debug;
		};
		EBA8FCBE2D764D4400E574DC /* Release */ = {
			isa = XCBuildConfiguration;
			buildSettings = {
				ALWAYS_SEARCH_USER_PATHS = NO;
				ASSETCATALOG_COMPILER_GENERATE_SWIFT_ASSET_SYMBOL_EXTENSIONS = YES;
				CLANG_ANALYZER_NONNULL = YES;
				CLANG_ANALYZER_NUMBER_OBJECT_CONVERSION = YES_AGGRESSIVE;
				CLANG_CXX_LANGUAGE_STANDARD = "gnu++20";
				CLANG_ENABLE_MODULES = YES;
				CLANG_ENABLE_OBJC_ARC = YES;
				CLANG_ENABLE_OBJC_WEAK = YES;
				CLANG_WARN_BLOCK_CAPTURE_AUTORELEASING = YES;
				CLANG_WARN_BOOL_CONVERSION = YES;
				CLANG_WARN_COMMA = YES;
				CLANG_WARN_CONSTANT_CONVERSION = YES;
				CLANG_WARN_DEPRECATED_OBJC_IMPLEMENTATIONS = YES;
				CLANG_WARN_DIRECT_OBJC_ISA_USAGE = YES_ERROR;
				CLANG_WARN_DOCUMENTATION_COMMENTS = YES;
				CLANG_WARN_EMPTY_BODY = YES;
				CLANG_WARN_ENUM_CONVERSION = YES;
				CLANG_WARN_INFINITE_RECURSION = YES;
				CLANG_WARN_INT_CONVERSION = YES;
				CLANG_WARN_NON_LITERAL_NULL_CONVERSION = YES;
				CLANG_WARN_OBJC_IMPLICIT_RETAIN_SELF = YES;
				CLANG_WARN_OBJC_LITERAL_CONVERSION = YES;
				CLANG_WARN_OBJC_ROOT_CLASS = YES_ERROR;
				CLANG_WARN_QUOTED_INCLUDE_IN_FRAMEWORK_HEADER = YES;
				CLANG_WARN_RANGE_LOOP_ANALYSIS = YES;
				CLANG_WARN_STRICT_PROTOTYPES = YES;
				CLANG_WARN_SUSPICIOUS_MOVE = YES;
				CLANG_WARN_UNGUARDED_AVAILABILITY = YES_AGGRESSIVE;
				CLANG_WARN_UNREACHABLE_CODE = YES;
				CLANG_WARN__DUPLICATE_METHOD_MATCH = YES;
				COPY_PHASE_STRIP = NO;
				DEBUG_INFORMATION_FORMAT = "dwarf-with-dsym";
				ENABLE_NS_ASSERTIONS = NO;
				ENABLE_STRICT_OBJC_MSGSEND = YES;
				ENABLE_USER_SCRIPT_SANDBOXING = YES;
				GCC_C_LANGUAGE_STANDARD = gnu17;
				GCC_NO_COMMON_BLOCKS = YES;
				GCC_WARN_64_TO_32_BIT_CONVERSION = YES;
				GCC_WARN_ABOUT_RETURN_TYPE = YES_ERROR;
				GCC_WARN_UNDECLARED_SELECTOR = YES;
				GCC_WARN_UNINITIALIZED_AUTOS = YES_AGGRESSIVE;
				GCC_WARN_UNUSED_FUNCTION = YES;
				GCC_WARN_UNUSED_VARIABLE = YES;
				IPHONEOS_DEPLOYMENT_TARGET = 18.2;
				LOCALIZATION_PREFERS_STRING_CATALOGS = YES;
				MTL_ENABLE_DEBUG_INFO = NO;
				MTL_FAST_MATH = YES;
				SDKROOT = iphoneos;
				SWIFT_COMPILATION_MODE = wholemodule;
				VALIDATE_PRODUCT = YES;
			};
			name = Release;
		};
		EBA8FCC02D764D4400E574DC /* Debug */ = {
			isa = XCBuildConfiguration;
			buildSettings = {
				BUNDLE_LOADER = "$(TEST_HOST)";
				CODE_SIGN_STYLE = Automatic;
				CURRENT_PROJECT_VERSION = 1;
				GENERATE_INFOPLIST_FILE = YES;
				IPHONEOS_DEPLOYMENT_TARGET = 18.2;
				MARKETING_VERSION = 1.0;
				PRODUCT_BUNDLE_IDENTIFIER = "noahmattocks.The-Rick-and-Morty-AppTests";
				PRODUCT_NAME = "$(TARGET_NAME)";
				SWIFT_EMIT_LOC_STRINGS = NO;
				SWIFT_VERSION = 5.0;
				TARGETED_DEVICE_FAMILY = "1,2";
				TEST_HOST = "$(BUILT_PRODUCTS_DIR)/The Rick and Morty App.app/$(BUNDLE_EXECUTABLE_FOLDER_PATH)/The Rick and Morty App";
			};
			name = Debug;
		};
		EBA8FCC12D764D4400E574DC /* Release */ = {
			isa = XCBuildConfiguration;
			buildSettings = {
				BUNDLE_LOADER = "$(TEST_HOST)";
				CODE_SIGN_STYLE = Automatic;
				CURRENT_PROJECT_VERSION = 1;
				GENERATE_INFOPLIST_FILE = YES;
				IPHONEOS_DEPLOYMENT_TARGET = 18.2;
				MARKETING_VERSION = 1.0;
				PRODUCT_BUNDLE_IDENTIFIER = "noahmattocks.The-Rick-and-Morty-AppTests";
				PRODUCT_NAME = "$(TARGET_NAME)";
				SWIFT_EMIT_LOC_STRINGS = NO;
				SWIFT_VERSION = 5.0;
				TARGETED_DEVICE_FAMILY = "1,2";
				TEST_HOST = "$(BUILT_PRODUCTS_DIR)/The Rick and Morty App.app/$(BUNDLE_EXECUTABLE_FOLDER_PATH)/The Rick and Morty App";
			};
			name = Release;
		};
		EBA8FCC32D764D4400E574DC /* Debug */ = {
			isa = XCBuildConfiguration;
			buildSettings = {
				CODE_SIGN_STYLE = Automatic;
				CURRENT_PROJECT_VERSION = 1;
				GENERATE_INFOPLIST_FILE = YES;
				MARKETING_VERSION = 1.0;
				PRODUCT_BUNDLE_IDENTIFIER = "noahmattocks.The-Rick-and-Morty-AppUITests";
				PRODUCT_NAME = "$(TARGET_NAME)";
				SWIFT_EMIT_LOC_STRINGS = NO;
				SWIFT_VERSION = 5.0;
				TARGETED_DEVICE_FAMILY = "1,2";
				TEST_TARGET_NAME = "The Rick and Morty App";
			};
			name = Debug;
		};
		EBA8FCC42D764D4400E574DC /* Release */ = {
			isa = XCBuildConfiguration;
			buildSettings = {
				CODE_SIGN_STYLE = Automatic;
				CURRENT_PROJECT_VERSION = 1;
				GENERATE_INFOPLIST_FILE = YES;
				MARKETING_VERSION = 1.0;
				PRODUCT_BUNDLE_IDENTIFIER = "noahmattocks.The-Rick-and-Morty-AppUITests";
				PRODUCT_NAME = "$(TARGET_NAME)";
				SWIFT_EMIT_LOC_STRINGS = NO;
				SWIFT_VERSION = 5.0;
				TARGETED_DEVICE_FAMILY = "1,2";
				TEST_TARGET_NAME = "The Rick and Morty App";
			};
			name = Release;
		};
/* End XCBuildConfiguration section */

/* Begin XCConfigurationList section */
		EBA8FC892D764D4300E574DC /* Build configuration list for PBXProject "The Rick and Morty App" */ = {
			isa = XCConfigurationList;
			buildConfigurations = (
				EBA8FCBD2D764D4400E574DC /* Debug */,
				EBA8FCBE2D764D4400E574DC /* Release */,
			);
			defaultConfigurationIsVisible = 0;
			defaultConfigurationName = Release;
		};
		EBA8FCBA2D764D4400E574DC /* Build configuration list for PBXNativeTarget "The Rick and Morty App" */ = {
			isa = XCConfigurationList;
			buildConfigurations = (
				EBA8FCBB2D764D4400E574DC /* Debug */,
				EBA8FCBC2D764D4400E574DC /* Release */,
			);
			defaultConfigurationIsVisible = 0;
			defaultConfigurationName = Release;
		};
		EBA8FCBF2D764D4400E574DC /* Build configuration list for PBXNativeTarget "The Rick and Morty AppTests" */ = {
			isa = XCConfigurationList;
			buildConfigurations = (
				EBA8FCC02D764D4400E574DC /* Debug */,
				EBA8FCC12D764D4400E574DC /* Release */,
			);
			defaultConfigurationIsVisible = 0;
			defaultConfigurationName = Release;
		};
		EBA8FCC22D764D4400E574DC /* Build configuration list for PBXNativeTarget "The Rick and Morty AppUITests" */ = {
			isa = XCConfigurationList;
			buildConfigurations = (
				EBA8FCC32D764D4400E574DC /* Debug */,
				EBA8FCC42D764D4400E574DC /* Release */,
			);
			defaultConfigurationIsVisible = 0;
			defaultConfigurationName = Release;
		};
/* End XCConfigurationList section */
	};
	rootObject = EBA8FC862D764D4300E574DC /* Project object */;
}
